{
  "name": "login-module",
  "version": "1.0.0",
  "lockfileVersion": 3,
  "requires": true,
  "packages": {
    "": {
      "name": "login-module",
      "version": "1.0.0",
      "dependencies": {
        "react": "^19.2.8",
        "react-dom": "^19.2.8",
        "react-router-dom": "^7.18.2"
      }
    }
  }
}
